// !$*UTF8*$!
{
	archiveVersion = 1;
	classes = {
	};
	objectVersion = 56;
	objects = {

/* Begin PBXBuildFile section */
		04B7A33329F8F43100E5A198 /* CategoryHome.swift in Sources */ = {isa = PBXBuildFile; fileRef = 04B7A33229F8F43100E5A198 /* CategoryHome.swift */; };
		04B7A33529F8F4F300E5A198 /* CategoryRow.swift in Sources */ = {isa = PBXBuildFile; fileRef = 04B7A33429F8F4F300E5A198 /* CategoryRow.swift */; };
		04B7A33729F8F56500E5A198 /* CategoryItem.swift in Sources */ = {isa = PBXBuildFile; fileRef = 04B7A33629F8F56500E5A198 /* CategoryItem.swift */; };
		04B7A33929F8FA0500E5A198 /* Profile.swift in Sources */ = {isa = PBXBuildFile; fileRef = 04B7A33829F8FA0500E5A198 /* Profile.swift */; };
		04B7A33C29F8FAB300E5A198 /* ProfileHost.swift in Sources */ = {isa = PBXBuildFile; fileRef = 04B7A33B29F8FAB300E5A198 /* ProfileHost.swift */; };
		04B7A33E29F8FB0500E5A198 /* ProfileSummary.swift in Sources */ = {isa = PBXBuildFile; fileRef = 04B7A33D29F8FB0500E5A198 /* ProfileSummary.swift */; };
		04B7A34029F8FB4300E5A198 /* HikeBadge.swift in Sources */ = {isa = PBXBuildFile; fileRef = 04B7A33F29F8FB4300E5A198 /* HikeBadge.swift */; };
		04B7A34229F9004300E5A198 /* ProfileEditor.swift in Sources */ = {isa = PBXBuildFile; fileRef = 04B7A34129F9004300E5A198 /* ProfileEditor.swift */; };
		04B7A34529F9037800E5A198 /* PageViewController.swift in Sources */ = {isa = PBXBuildFile; fileRef = 04B7A34429F9037800E5A198 /* PageViewController.swift */; };
		04B7A34729F9046A00E5A198 /* FeatureCard.swift in Sources */ = {isa = PBXBuildFile; fileRef = 04B7A34629F9046A00E5A198 /* FeatureCard.swift */; };
		04B7A34929F904D000E5A198 /* PageView.swift in Sources */ = {isa = PBXBuildFile; fileRef = 04B7A34829F904D000E5A198 /* PageView.swift */; };
		04B7A34B29F9068700E5A198 /* PageControl.swift in Sources */ = {isa = PBXBuildFile; fileRef = 04B7A34A29F9068700E5A198 /* PageControl.swift */; };
		04B7A37929F92B6C00E5A198 /* ContentView.swift in Sources */ = {isa = PBXBuildFile; fileRef = 04B7A37829F92B6C00E5A198 /* ContentView.swift */; };
		04B7A37B29F92B6F00E5A198 /* Assets.xcassets in Resources */ = {isa = PBXBuildFile; fileRef = 04B7A37A29F92B6F00E5A198 /* Assets.xcassets */; };
		04B7A37E29F92B6F00E5A198 /* Preview Assets.xcassets in Resources */ = {isa = PBXBuildFile; fileRef = 04B7A37D29F92B6F00E5A198 /* Preview Assets.xcassets */; };
		04B7A38329F92C6A00E5A198 /* Landmark.swift in Sources */ = {isa = PBXBuildFile; fileRef = 04FB7D5C29EE342E00D04321 /* Landmark.swift */; };
		04B7A38429F92C6A00E5A198 /* landmarkData.json in Resources */ = {isa = PBXBuildFile; fileRef = 04FB7D5A29EE33F600D04321 /* landmarkData.json */; };
		04B7A38529F92C6A00E5A198 /* hikeData.json in Resources */ = {isa = PBXBuildFile; fileRef = 04E93A5529F298D500AFA6C3 /* hikeData.json */; };
		04B7A38629F92C6A00E5A198 /* LandmarkList.swift in Sources */ = {isa = PBXBuildFile; fileRef = 04FB7D6529EE398B00D04321 /* LandmarkList.swift */; };
		04B7A38729F92C6A00E5A198 /* Profile.swift in Sources */ = {isa = PBXBuildFile; fileRef = 04B7A33829F8FA0500E5A198 /* Profile.swift */; };
		04B7A38829F92C6A00E5A198 /* CircleImage.swift in Sources */ = {isa = PBXBuildFile; fileRef = 04FB7D5629EE2F4300D04321 /* CircleImage.swift */; };
		04B7A38929F92C6A00E5A198 /* Hike.swift in Sources */ = {isa = PBXBuildFile; fileRef = 04E93A5729F298F200AFA6C3 /* Hike.swift */; };
		04B7A38A29F92C6A00E5A198 /* AFL3_0706012110015_JeshaiahJesseApp.swift in Sources */ = {isa = PBXBuildFile; fileRef = 04FB7D4829EE29D100D04321 /* AFL3_0706012110015_JeshaiahJesseApp.swift */; };
		04B7A38B29F92C6A00E5A198 /* LandmarkRow.swift in Sources */ = {isa = PBXBuildFile; fileRef = 04FB7D6329EE38EC00D04321 /* LandmarkRow.swift */; };
		04B7A38C29F92C6A00E5A198 /* Assets.xcassets in Resources */ = {isa = PBXBuildFile; fileRef = 04FB7D4C29EE29D300D04321 /* Assets.xcassets */; };
		04B7A38D29F92C6A00E5A198 /* MapView.swift in Sources */ = {isa = PBXBuildFile; fileRef = 04FB7D5829EE304C00D04321 /* MapView.swift */; };
		04B7A38E29F92C6A00E5A198 /* FavouriteButton.swift in Sources */ = {isa = PBXBuildFile; fileRef = 04E93A4629F28E4400AFA6C3 /* FavouriteButton.swift */; };
		04B7A38F29F92C6A00E5A198 /* ModelData.swift in Sources */ = {isa = PBXBuildFile; fileRef = 04FB7D5E29EE34F300D04321 /* ModelData.swift */; };
		04B7A39129F92D5400E5A198 /* LandmarkDetail.swift in Sources */ = {isa = PBXBuildFile; fileRef = 04B7A39029F92D5400E5A198 /* LandmarkDetail.swift */; };
		04B7A3A529FA493700E5A198 /* LandmarkCommands.swift in Sources */ = {isa = PBXBuildFile; fileRef = 04B7A3A429FA493700E5A198 /* LandmarkCommands.swift */; };
		04B7A3A629FA493700E5A198 /* LandmarkCommands.swift in Sources */ = {isa = PBXBuildFile; fileRef = 04B7A3A429FA493700E5A198 /* LandmarkCommands.swift */; };
		04B7A3A829FA4C6800E5A198 /* LandmarkSettings.swift in Sources */ = {isa = PBXBuildFile; fileRef = 04B7A3A729FA4C6800E5A198 /* LandmarkSettings.swift */; };
		04E93A4729F28E4400AFA6C3 /* FavouriteButton.swift in Sources */ = {isa = PBXBuildFile; fileRef = 04E93A4629F28E4400AFA6C3 /* FavouriteButton.swift */; };
		04E93A4B29F2943B00AFA6C3 /* HexagonParameters.swift in Sources */ = {isa = PBXBuildFile; fileRef = 04E93A4A29F2943B00AFA6C3 /* HexagonParameters.swift */; };
		04E93A4D29F2950000AFA6C3 /* BadgeBackground.swift in Sources */ = {isa = PBXBuildFile; fileRef = 04E93A4C29F2950000AFA6C3 /* BadgeBackground.swift */; };
		04E93A4F29F2962100AFA6C3 /* BadgeSymbol.swift in Sources */ = {isa = PBXBuildFile; fileRef = 04E93A4E29F2962100AFA6C3 /* BadgeSymbol.swift */; };
		04E93A5129F2969100AFA6C3 /* RotatedBadgeSymbol.swift in Sources */ = {isa = PBXBuildFile; fileRef = 04E93A5029F2969100AFA6C3 /* RotatedBadgeSymbol.swift */; };
		04E93A5329F296F600AFA6C3 /* Badge.swift in Sources */ = {isa = PBXBuildFile; fileRef = 04E93A5229F296F600AFA6C3 /* Badge.swift */; };
		04E93A5629F298D500AFA6C3 /* hikeData.json in Resources */ = {isa = PBXBuildFile; fileRef = 04E93A5529F298D500AFA6C3 /* hikeData.json */; };
		04E93A5829F298F200AFA6C3 /* Hike.swift in Sources */ = {isa = PBXBuildFile; fileRef = 04E93A5729F298F200AFA6C3 /* Hike.swift */; };
		04E93A5E29F2994600AFA6C3 /* GraphCapsule.swift in Sources */ = {isa = PBXBuildFile; fileRef = 04E93A5A29F2994600AFA6C3 /* GraphCapsule.swift */; };
		04E93A5F29F2994600AFA6C3 /* HikeGraph.swift in Sources */ = {isa = PBXBuildFile; fileRef = 04E93A5B29F2994600AFA6C3 /* HikeGraph.swift */; };
		04E93A6029F2994600AFA6C3 /* HikeDetail.swift in Sources */ = {isa = PBXBuildFile; fileRef = 04E93A5C29F2994600AFA6C3 /* HikeDetail.swift */; };
		04E93A6129F2994600AFA6C3 /* HikeView.swift in Sources */ = {isa = PBXBuildFile; fileRef = 04E93A5D29F2994600AFA6C3 /* HikeView.swift */; };
		04FB7D4929EE29D100D04321 /* AFL3_0706012110015_JeshaiahJesseApp.swift in Sources */ = {isa = PBXBuildFile; fileRef = 04FB7D4829EE29D100D04321 /* AFL3_0706012110015_JeshaiahJesseApp.swift */; };
		04FB7D4B29EE29D100D04321 /* ContentView.swift in Sources */ = {isa = PBXBuildFile; fileRef = 04FB7D4A29EE29D100D04321 /* ContentView.swift */; };
		04FB7D4D29EE29D300D04321 /* Assets.xcassets in Resources */ = {isa = PBXBuildFile; fileRef = 04FB7D4C29EE29D300D04321 /* Assets.xcassets */; };
		04FB7D5029EE29D300D04321 /* Preview Assets.xcassets in Resources */ = {isa = PBXBuildFile; fileRef = 04FB7D4F29EE29D300D04321 /* Preview Assets.xcassets */; };
		04FB7D5729EE2F4300D04321 /* CircleImage.swift in Sources */ = {isa = PBXBuildFile; fileRef = 04FB7D5629EE2F4300D04321 /* CircleImage.swift */; };
		04FB7D5929EE304C00D04321 /* MapView.swift in Sources */ = {isa = PBXBuildFile; fileRef = 04FB7D5829EE304C00D04321 /* MapView.swift */; };
		04FB7D5B29EE33F600D04321 /* landmarkData.json in Resources */ = {isa = PBXBuildFile; fileRef = 04FB7D5A29EE33F600D04321 /* landmarkData.json */; };
		04FB7D5D29EE342E00D04321 /* Landmark.swift in Sources */ = {isa = PBXBuildFile; fileRef = 04FB7D5C29EE342E00D04321 /* Landmark.swift */; };
		04FB7D5F29EE34F300D04321 /* ModelData.swift in Sources */ = {isa = PBXBuildFile; fileRef = 04FB7D5E29EE34F300D04321 /* ModelData.swift */; };
		04FB7D6429EE38EC00D04321 /* LandmarkRow.swift in Sources */ = {isa = PBXBuildFile; fileRef = 04FB7D6329EE38EC00D04321 /* LandmarkRow.swift */; };
		04FB7D6629EE398B00D04321 /* LandmarkList.swift in Sources */ = {isa = PBXBuildFile; fileRef = 04FB7D6529EE398B00D04321 /* LandmarkList.swift */; };
		04FB7D6829EE3A4900D04321 /* LandmarkDetail.swift in Sources */ = {isa = PBXBuildFile; fileRef = 04FB7D6729EE3A4900D04321 /* LandmarkDetail.swift */; };
/* End PBXBuildFile section */

/* Begin PBXFileReference section */
		04B7A33229F8F43100E5A198 /* CategoryHome.swift */ = {isa = PBXFileReference; lastKnownFileType = sourcecode.swift; path = CategoryHome.swift; sourceTree = "<group>"; };
		04B7A33429F8F4F300E5A198 /* CategoryRow.swift */ = {isa = PBXFileReference; lastKnownFileType = sourcecode.swift; path = CategoryRow.swift; sourceTree = "<group>"; };
		04B7A33629F8F56500E5A198 /* CategoryItem.swift */ = {isa = PBXFileReference; lastKnownFileType = sourcecode.swift; path = CategoryItem.swift; sourceTree = "<group>"; };
		04B7A33829F8FA0500E5A198 /* Profile.swift */ = {isa = PBXFileReference; lastKnownFileType = sourcecode.swift; path = Profile.swift; sourceTree = "<group>"; };
		04B7A33B29F8FAB300E5A198 /* ProfileHost.swift */ = {isa = PBXFileReference; lastKnownFileType = sourcecode.swift; path = ProfileHost.swift; sourceTree = "<group>"; };
		04B7A33D29F8FB0500E5A198 /* ProfileSummary.swift */ = {isa = PBXFileReference; lastKnownFileType = sourcecode.swift; path = ProfileSummary.swift; sourceTree = "<group>"; };
		04B7A33F29F8FB4300E5A198 /* HikeBadge.swift */ = {isa = PBXFileReference; lastKnownFileType = sourcecode.swift; path = HikeBadge.swift; sourceTree = "<group>"; };
		04B7A34129F9004300E5A198 /* ProfileEditor.swift */ = {isa = PBXFileReference; lastKnownFileType = sourcecode.swift; path = ProfileEditor.swift; sourceTree = "<group>"; };
		04B7A34429F9037800E5A198 /* PageViewController.swift */ = {isa = PBXFileReference; lastKnownFileType = sourcecode.swift; path = PageViewController.swift; sourceTree = "<group>"; };
		04B7A34629F9046A00E5A198 /* FeatureCard.swift */ = {isa = PBXFileReference; lastKnownFileType = sourcecode.swift; path = FeatureCard.swift; sourceTree = "<group>"; };
		04B7A34829F904D000E5A198 /* PageView.swift */ = {isa = PBXFileReference; lastKnownFileType = sourcecode.swift; path = PageView.swift; sourceTree = "<group>"; };
		04B7A34A29F9068700E5A198 /* PageControl.swift */ = {isa = PBXFileReference; lastKnownFileType = sourcecode.swift; path = PageControl.swift; sourceTree = "<group>"; };
		04B7A37429F92B6C00E5A198 /* MacLandmarks.app */ = {isa = PBXFileReference; explicitFileType = wrapper.application; includeInIndex = 0; path = MacLandmarks.app; sourceTree = BUILT_PRODUCTS_DIR; };
		04B7A37829F92B6C00E5A198 /* ContentView.swift */ = {isa = PBXFileReference; lastKnownFileType = sourcecode.swift; path = ContentView.swift; sourceTree = "<group>"; };
		04B7A37A29F92B6F00E5A198 /* Assets.xcassets */ = {isa = PBXFileReference; lastKnownFileType = folder.assetcatalog; path = Assets.xcassets; sourceTree = "<group>"; };
		04B7A37D29F92B6F00E5A198 /* Preview Assets.xcassets */ = {isa = PBXFileReference; lastKnownFileType = folder.assetcatalog; path = "Preview Assets.xcassets"; sourceTree = "<group>"; };
		04B7A37F29F92B6F00E5A198 /* MacLandmarks.entitlements */ = {isa = PBXFileReference; lastKnownFileType = text.plist.entitlements; path = MacLandmarks.entitlements; sourceTree = "<group>"; };
		04B7A39029F92D5400E5A198 /* LandmarkDetail.swift */ = {isa = PBXFileReference; lastKnownFileType = sourcecode.swift; path = LandmarkDetail.swift; sourceTree = "<group>"; };
		04B7A39629F92F4D00E5A198 /* WatchLandmarks Watch App.app */ = {isa = PBXFileReference; explicitFileType = wrapper.application; includeInIndex = 0; path = "WatchLandmarks Watch App.app"; sourceTree = BUILT_PRODUCTS_DIR; };
		04B7A3A429FA493700E5A198 /* LandmarkCommands.swift */ = {isa = PBXFileReference; lastKnownFileType = sourcecode.swift; path = LandmarkCommands.swift; sourceTree = "<group>"; };
		04B7A3A729FA4C6800E5A198 /* LandmarkSettings.swift */ = {isa = PBXFileReference; lastKnownFileType = sourcecode.swift; path = LandmarkSettings.swift; sourceTree = "<group>"; };
		04E93A4629F28E4400AFA6C3 /* FavouriteButton.swift */ = {isa = PBXFileReference; lastKnownFileType = sourcecode.swift; path = FavouriteButton.swift; sourceTree = "<group>"; };
		04E93A4A29F2943B00AFA6C3 /* HexagonParameters.swift */ = {isa = PBXFileReference; lastKnownFileType = sourcecode.swift; name = HexagonParameters.swift; path = "AFL3-0706012110016-DarellAdityaSeanDarmayasa/Views/Badges/HexagonParameters.swift"; sourceTree = SOURCE_ROOT; };
		04E93A4C29F2950000AFA6C3 /* BadgeBackground.swift */ = {isa = PBXFileReference; lastKnownFileType = sourcecode.swift; path = BadgeBackground.swift; sourceTree = "<group>"; };
		04E93A4E29F2962100AFA6C3 /* BadgeSymbol.swift */ = {isa = PBXFileReference; lastKnownFileType = sourcecode.swift; path = BadgeSymbol.swift; sourceTree = "<group>"; };
		04E93A5029F2969100AFA6C3 /* RotatedBadgeSymbol.swift */ = {isa = PBXFileReference; lastKnownFileType = sourcecode.swift; path = RotatedBadgeSymbol.swift; sourceTree = "<group>"; };
		04E93A5229F296F600AFA6C3 /* Badge.swift */ = {isa = PBXFileReference; lastKnownFileType = sourcecode.swift; path = Badge.swift; sourceTree = "<group>"; };
		04E93A5529F298D500AFA6C3 /* hikeData.json */ = {isa = PBXFileReference; fileEncoding = 4; lastKnownFileType = text.json; path = hikeData.json; sourceTree = "<group>"; };
		04E93A5729F298F200AFA6C3 /* Hike.swift */ = {isa = PBXFileReference; lastKnownFileType = sourcecode.swift; path = Hike.swift; sourceTree = "<group>"; };
		04E93A5A29F2994600AFA6C3 /* GraphCapsule.swift */ = {isa = PBXFileReference; fileEncoding = 4; lastKnownFileType = sourcecode.swift; path = GraphCapsule.swift; sourceTree = "<group>"; };
		04E93A5B29F2994600AFA6C3 /* HikeGraph.swift */ = {isa = PBXFileReference; fileEncoding = 4; lastKnownFileType = sourcecode.swift; path = HikeGraph.swift; sourceTree = "<group>"; };
		04E93A5C29F2994600AFA6C3 /* HikeDetail.swift */ = {isa = PBXFileReference; fileEncoding = 4; lastKnownFileType = sourcecode.swift; path = HikeDetail.swift; sourceTree = "<group>"; };
		04E93A5D29F2994600AFA6C3 /* HikeView.swift */ = {isa = PBXFileReference; fileEncoding = 4; lastKnownFileType = sourcecode.swift; path = HikeView.swift; sourceTree = "<group>"; };
		04FB7D4529EE29D100D04321 /* AFL3-0706012110015-JeshaiahJesse.app */ = {isa = PBXFileReference; explicitFileType = wrapper.application; includeInIndex = 0; path = "AFL3-0706012110015-JeshaiahJesse.app"; sourceTree = BUILT_PRODUCTS_DIR; };
		04FB7D4829EE29D100D04321 /* AFL3_0706012110015_JeshaiahJesseApp.swift */ = {isa = PBXFileReference; lastKnownFileType = sourcecode.swift; path = AFL3_0706012110015_JeshaiahJesseApp.swift; sourceTree = "<group>"; };
		04FB7D4A29EE29D100D04321 /* ContentView.swift */ = {isa = PBXFileReference; lastKnownFileType = sourcecode.swift; path = ContentView.swift; sourceTree = "<group>"; };
		04FB7D4C29EE29D300D04321 /* Assets.xcassets */ = {isa = PBXFileReference; lastKnownFileType = folder.assetcatalog; path = Assets.xcassets; sourceTree = "<group>"; };
		04FB7D4F29EE29D300D04321 /* Preview Assets.xcassets */ = {isa = PBXFileReference; lastKnownFileType = folder.assetcatalog; path = "Preview Assets.xcassets"; sourceTree = "<group>"; };
		04FB7D5629EE2F4300D04321 /* CircleImage.swift */ = {isa = PBXFileReference; lastKnownFileType = sourcecode.swift; path = CircleImage.swift; sourceTree = "<group>"; };
		04FB7D5829EE304C00D04321 /* MapView.swift */ = {isa = PBXFileReference; lastKnownFileType = sourcecode.swift; path = MapView.swift; sourceTree = "<group>"; };
		04FB7D5A29EE33F600D04321 /* landmarkData.json */ = {isa = PBXFileReference; fileEncoding = 4; lastKnownFileType = text.json; path = landmarkData.json; sourceTree = "<group>"; };
		04FB7D5C29EE342E00D04321 /* Landmark.swift */ = {isa = PBXFileReference; lastKnownFileType = sourcecode.swift; path = Landmark.swift; sourceTree = "<group>"; };
		04FB7D5E29EE34F300D04321 /* ModelData.swift */ = {isa = PBXFileReference; lastKnownFileType = sourcecode.swift; path = ModelData.swift; sourceTree = "<group>"; };
		04FB7D6329EE38EC00D04321 /* LandmarkRow.swift */ = {isa = PBXFileReference; lastKnownFileType = sourcecode.swift; path = LandmarkRow.swift; sourceTree = "<group>"; };
		04FB7D6529EE398B00D04321 /* LandmarkList.swift */ = {isa = PBXFileReference; lastKnownFileType = sourcecode.swift; path = LandmarkList.swift; sourceTree = "<group>"; };
		04FB7D6729EE3A4900D04321 /* LandmarkDetail.swift */ = {isa = PBXFileReference; lastKnownFileType = sourcecode.swift; path = LandmarkDetail.swift; sourceTree = "<group>"; };
/* End PBXFileReference section */

/* Begin PBXFrameworksBuildPhase section */
		04B7A37129F92B6C00E5A198 /* Frameworks */ = {
			isa = PBXFrameworksBuildPhase;
			buildActionMask = 2147483647;
			files = (
			);
			runOnlyForDeploymentPostprocessing = 0;
		};
		04B7A39329F92F4D00E5A198 /* Frameworks */ = {
			isa = PBXFrameworksBuildPhase;
			buildActionMask = 2147483647;
			files = (
			);
			runOnlyForDeploymentPostprocessing = 0;
		};
		04FB7D4229EE29D100D04321 /* Frameworks */ = {
			isa = PBXFrameworksBuildPhase;
			buildActionMask = 2147483647;
			files = (
			);
			runOnlyForDeploymentPostprocessing = 0;
		};
/* End PBXFrameworksBuildPhase section */

/* Begin PBXGroup section */
		04B7A33129F8F3C700E5A198 /* Categories */ = {
			isa = PBXGroup;
			children = (
				04B7A33229F8F43100E5A198 /* CategoryHome.swift */,
				04B7A33429F8F4F300E5A198 /* CategoryRow.swift */,
				04B7A33629F8F56500E5A198 /* CategoryItem.swift */,
			);
			path = Categories;
			sourceTree = "<group>";
		};
		04B7A33A29F8FA9800E5A198 /* Profiles */ = {
			isa = PBXGroup;
			children = (
				04B7A33B29F8FAB300E5A198 /* ProfileHost.swift */,
				04B7A33D29F8FB0500E5A198 /* ProfileSummary.swift */,
				04B7A34129F9004300E5A198 /* ProfileEditor.swift */,
			);
			path = Profiles;
			sourceTree = "<group>";
		};
		04B7A34329F9035800E5A198 /* PageView */ = {
			isa = PBXGroup;
			children = (
				04B7A34429F9037800E5A198 /* PageViewController.swift */,
				04B7A34629F9046A00E5A198 /* FeatureCard.swift */,
				04B7A34829F904D000E5A198 /* PageView.swift */,
				04B7A34A29F9068700E5A198 /* PageControl.swift */,
			);
			path = PageView;
			sourceTree = "<group>";
		};
		04B7A37529F92B6C00E5A198 /* MacLandmarks */ = {
			isa = PBXGroup;
			children = (
				04B7A37829F92B6C00E5A198 /* ContentView.swift */,
				04B7A37A29F92B6F00E5A198 /* Assets.xcassets */,
				04B7A37F29F92B6F00E5A198 /* MacLandmarks.entitlements */,
				04B7A37C29F92B6F00E5A198 /* Preview Content */,
				04B7A39029F92D5400E5A198 /* LandmarkDetail.swift */,
				04B7A3A429FA493700E5A198 /* LandmarkCommands.swift */,
				04B7A3A729FA4C6800E5A198 /* LandmarkSettings.swift */,
			);
			path = MacLandmarks;
			sourceTree = "<group>";
		};
		04B7A37C29F92B6F00E5A198 /* Preview Content */ = {
			isa = PBXGroup;
			children = (
				04B7A37D29F92B6F00E5A198 /* Preview Assets.xcassets */,
			);
			path = "Preview Content";
			sourceTree = "<group>";
		};
		04E93A4829F28E9400AFA6C3 /* Landmarks */ = {
			isa = PBXGroup;
			children = (
				04FB7D6529EE398B00D04321 /* LandmarkList.swift */,
				04FB7D6329EE38EC00D04321 /* LandmarkRow.swift */,
				04FB7D6729EE3A4900D04321 /* LandmarkDetail.swift */,
			);
			path = Landmarks;
			sourceTree = "<group>";
		};
		04E93A4929F28EA300AFA6C3 /* Helpers */ = {
			isa = PBXGroup;
			children = (
				04FB7D5629EE2F4300D04321 /* CircleImage.swift */,
				04FB7D5829EE304C00D04321 /* MapView.swift */,
				04E93A4629F28E4400AFA6C3 /* FavouriteButton.swift */,
			);
			path = Helpers;
			sourceTree = "<group>";
		};
		04E93A5429F2973500AFA6C3 /* Badges */ = {
			isa = PBXGroup;
			children = (
				04E93A5229F296F600AFA6C3 /* Badge.swift */,
				04E93A4C29F2950000AFA6C3 /* BadgeBackground.swift */,
				04E93A4E29F2962100AFA6C3 /* BadgeSymbol.swift */,
				04E93A5029F2969100AFA6C3 /* RotatedBadgeSymbol.swift */,
				04E93A4A29F2943B00AFA6C3 /* HexagonParameters.swift */,
			);
			path = Badges;
			sourceTree = "<group>";
		};
		04E93A5929F2994600AFA6C3 /* Hikes */ = {
			isa = PBXGroup;
			children = (
				04E93A5A29F2994600AFA6C3 /* GraphCapsule.swift */,
				04E93A5B29F2994600AFA6C3 /* HikeGraph.swift */,
				04E93A5C29F2994600AFA6C3 /* HikeDetail.swift */,
				04E93A5D29F2994600AFA6C3 /* HikeView.swift */,
				04B7A33F29F8FB4300E5A198 /* HikeBadge.swift */,
			);
			path = Hikes;
			sourceTree = "<group>";
		};
		04FB7D3C29EE29D100D04321 = {
			isa = PBXGroup;
			children = (
				04FB7D4729EE29D100D04321 /* AFL3-0706012110015-JeshaiahJesse */,
				04B7A37529F92B6C00E5A198 /* MacLandmarks */,
				04FB7D4629EE29D100D04321 /* Products */,
			);
			sourceTree = "<group>";
		};
		04FB7D4629EE29D100D04321 /* Products */ = {
			isa = PBXGroup;
			children = (
				04FB7D4529EE29D100D04321 /* AFL3-0706012110015-JeshaiahJesse.app */,
				04B7A37429F92B6C00E5A198 /* MacLandmarks.app */,
				04B7A39629F92F4D00E5A198 /* WatchLandmarks Watch App.app */,
			);
			name = Products;
			sourceTree = "<group>";
		};
		04FB7D4729EE29D100D04321 /* AFL3-0706012110015-JeshaiahJesse */ = {
			isa = PBXGroup;
			children = (
				04FB7D6029EE352B00D04321 /* Views */,
				04FB7D4A29EE29D100D04321 /* ContentView.swift */,
				04FB7D6129EE355100D04321 /* Resources */,
				04FB7D6229EE355D00D04321 /* Model */,
				04FB7D4829EE29D100D04321 /* AFL3_0706012110015_JeshaiahJesseApp.swift */,
				04FB7D4C29EE29D300D04321 /* Assets.xcassets */,
				04FB7D4E29EE29D300D04321 /* Preview Content */,
			);
			path = "AFL3-0706012110015-JeshaiahJesse";
			sourceTree = "<group>";
		};
		04FB7D4E29EE29D300D04321 /* Preview Content */ = {
			isa = PBXGroup;
			children = (
				04FB7D4F29EE29D300D04321 /* Preview Assets.xcassets */,
			);
			path = "Preview Content";
			sourceTree = "<group>";
		};
		04FB7D6029EE352B00D04321 /* Views */ = {
			isa = PBXGroup;
			children = (
				04B7A34329F9035800E5A198 /* PageView */,
				04B7A33A29F8FA9800E5A198 /* Profiles */,
				04B7A33129F8F3C700E5A198 /* Categories */,
				04E93A5929F2994600AFA6C3 /* Hikes */,
				04E93A5429F2973500AFA6C3 /* Badges */,
				04E93A4829F28E9400AFA6C3 /* Landmarks */,
				04E93A4929F28EA300AFA6C3 /* Helpers */,
			);
			path = Views;
			sourceTree = "<group>";
		};
		04FB7D6129EE355100D04321 /* Resources */ = {
			isa = PBXGroup;
			children = (
				04E93A5529F298D500AFA6C3 /* hikeData.json */,
				04FB7D5A29EE33F600D04321 /* landmarkData.json */,
			);
			path = Resources;
			sourceTree = "<group>";
		};
		04FB7D6229EE355D00D04321 /* Model */ = {
			isa = PBXGroup;
			children = (
				04FB7D5C29EE342E00D04321 /* Landmark.swift */,
				04FB7D5E29EE34F300D04321 /* ModelData.swift */,
				04E93A5729F298F200AFA6C3 /* Hike.swift */,
				04B7A33829F8FA0500E5A198 /* Profile.swift */,
			);
			path = Model;
			sourceTree = "<group>";
		};
/* End PBXGroup section */

/* Begin PBXNativeTarget section */
		04B7A37329F92B6C00E5A198 /* MacLandmarks */ = {
			isa = PBXNativeTarget;
			buildConfigurationList = 04B7A38229F92B6F00E5A198 /* Build configuration list for PBXNativeTarget "MacLandmarks" */;
			buildPhases = (
				04B7A37029F92B6C00E5A198 /* Sources */,
				04B7A37129F92B6C00E5A198 /* Frameworks */,
				04B7A37229F92B6C00E5A198 /* Resources */,
			);
			buildRules = (
			);
			dependencies = (
			);
			name = MacLandmarks;
			productName = MacLandmarks;
			productReference = 04B7A37429F92B6C00E5A198 /* MacLandmarks.app */;
			productType = "com.apple.product-type.application";
		};
		04B7A39529F92F4D00E5A198 /* WatchLandmarks Watch App */ = {
			isa = PBXNativeTarget;
			buildConfigurationList = 04B7A3A129F92F5000E5A198 /* Build configuration list for PBXNativeTarget "WatchLandmarks Watch App" */;
			buildPhases = (
				04B7A39229F92F4D00E5A198 /* Sources */,
				04B7A39329F92F4D00E5A198 /* Frameworks */,
				04B7A39429F92F4D00E5A198 /* Resources */,
			);
			buildRules = (
			);
			dependencies = (
			);
			name = "WatchLandmarks Watch App";
			productName = "WatchLandmarks Watch App";
			productReference = 04B7A39629F92F4D00E5A198 /* WatchLandmarks Watch App.app */;
			productType = "com.apple.product-type.application";
		};
		04FB7D4429EE29D100D04321 /* AFL3-0706012110015-JeshaiahJesse */ = {
			isa = PBXNativeTarget;
			buildConfigurationList = 04FB7D5329EE29D300D04321 /* Build configuration list for PBXNativeTarget "AFL3-0706012110015-JeshaiahJesse" */;
			buildPhases = (
				04FB7D4129EE29D100D04321 /* Sources */,
				04FB7D4229EE29D100D04321 /* Frameworks */,
				04FB7D4329EE29D100D04321 /* Resources */,
			);
			buildRules = (
			);
			dependencies = (
			);
			name = "AFL3-0706012110015-JeshaiahJesse";
			productName = "AFL3-0706012110016-DarellAdityaSeanDarmayasa";
			productReference = 04FB7D4529EE29D100D04321 /* AFL3-0706012110015-JeshaiahJesse.app */;
			productType = "com.apple.product-type.application";
		};
/* End PBXNativeTarget section */

/* Begin PBXProject section */
		04FB7D3D29EE29D100D04321 /* Project object */ = {
			isa = PBXProject;
			attributes = {
				BuildIndependentTargetsInParallel = 1;
				LastSwiftUpdateCheck = 1420;
				LastUpgradeCheck = 1420;
				TargetAttributes = {
					04B7A37329F92B6C00E5A198 = {
						CreatedOnToolsVersion = 14.2;
					};
					04B7A39529F92F4D00E5A198 = {
						CreatedOnToolsVersion = 14.2;
					};
					04FB7D4429EE29D100D04321 = {
						CreatedOnToolsVersion = 14.2;
					};
				};
			};
			buildConfigurationList = 04FB7D4029EE29D100D04321 /* Build configuration list for PBXProject "AFL3-0706012110015-JeshaiahJesse" */;
			compatibilityVersion = "Xcode 14.0";
			developmentRegion = en;
			hasScannedForEncodings = 0;
			knownRegions = (
				en,
				Base,
			);
			mainGroup = 04FB7D3C29EE29D100D04321;
			productRefGroup = 04FB7D4629EE29D100D04321 /* Products */;
			projectDirPath = "";
			projectRoot = "";
			targets = (
				04FB7D4429EE29D100D04321 /* AFL3-0706012110015-JeshaiahJesse */,
				04B7A37329F92B6C00E5A198 /* MacLandmarks */,
				04B7A39529F92F4D00E5A198 /* WatchLandmarks Watch App */,
			);
		};
/* End PBXProject section */

/* Begin PBXResourcesBuildPhase section */
		04B7A37229F92B6C00E5A198 /* Resources */ = {
			isa = PBXResourcesBuildPhase;
			buildActionMask = 2147483647;
			files = (
				04B7A38529F92C6A00E5A198 /* hikeData.json in Resources */,
				04B7A37E29F92B6F00E5A198 /* Preview Assets.xcassets in Resources */,
				04B7A37B29F92B6F00E5A198 /* Assets.xcassets in Resources */,
				04B7A38429F92C6A00E5A198 /* landmarkData.json in Resources */,
				04B7A38C29F92C6A00E5A198 /* Assets.xcassets in Resources */,
			);
			runOnlyForDeploymentPostprocessing = 0;
		};
		04B7A39429F92F4D00E5A198 /* Resources */ = {
			isa = PBXResourcesBuildPhase;
			buildActionMask = 2147483647;
			files = (
			);
			runOnlyForDeploymentPostprocessing = 0;
		};
		04FB7D4329EE29D100D04321 /* Resources */ = {
			isa = PBXResourcesBuildPhase;
			buildActionMask = 2147483647;
			files = (
				04E93A5629F298D500AFA6C3 /* hikeData.json in Resources */,
				04FB7D5029EE29D300D04321 /* Preview Assets.xcassets in Resources */,
				04FB7D4D29EE29D300D04321 /* Assets.xcassets in Resources */,
				04FB7D5B29EE33F600D04321 /* landmarkData.json in Resources */,
			);
			runOnlyForDeploymentPostprocessing = 0;
		};
/* End PBXResourcesBuildPhase section */

/* Begin PBXSourcesBuildPhase section */
		04B7A37029F92B6C00E5A198 /* Sources */ = {
			isa = PBXSourcesBuildPhase;
			buildActionMask = 2147483647;
			files = (
				04B7A38929F92C6A00E5A198 /* Hike.swift in Sources */,
				04B7A37929F92B6C00E5A198 /* ContentView.swift in Sources */,
				04B7A3A829FA4C6800E5A198 /* LandmarkSettings.swift in Sources */,
				04B7A38729F92C6A00E5A198 /* Profile.swift in Sources */,
				04B7A38A29F92C6A00E5A198 /* AFL3_0706012110015_JeshaiahJesseApp.swift in Sources */,
				04B7A3A629FA493700E5A198 /* LandmarkCommands.swift in Sources */,
				04B7A39129F92D5400E5A198 /* LandmarkDetail.swift in Sources */,
				04B7A38629F92C6A00E5A198 /* LandmarkList.swift in Sources */,
				04B7A38E29F92C6A00E5A198 /* FavouriteButton.swift in Sources */,
				04B7A38329F92C6A00E5A198 /* Landmark.swift in Sources */,
				04B7A38F29F92C6A00E5A198 /* ModelData.swift in Sources */,
				04B7A38B29F92C6A00E5A198 /* LandmarkRow.swift in Sources */,
				04B7A38D29F92C6A00E5A198 /* MapView.swift in Sources */,
				04B7A38829F92C6A00E5A198 /* CircleImage.swift in Sources */,
			);
			runOnlyForDeploymentPostprocessing = 0;
		};
		04B7A39229F92F4D00E5A198 /* Sources */ = {
			isa = PBXSourcesBuildPhase;
			buildActionMask = 2147483647;
			files = (
			);
			runOnlyForDeploymentPostprocessing = 0;
		};
		04FB7D4129EE29D100D04321 /* Sources */ = {
			isa = PBXSourcesBuildPhase;
			buildActionMask = 2147483647;
			files = (
				04B7A33529F8F4F300E5A198 /* CategoryRow.swift in Sources */,
				04B7A33929F8FA0500E5A198 /* Profile.swift in Sources */,
				04B7A3A529FA493700E5A198 /* LandmarkCommands.swift in Sources */,
				04FB7D4B29EE29D100D04321 /* ContentView.swift in Sources */,
				04B7A33329F8F43100E5A198 /* CategoryHome.swift in Sources */,
				04B7A34729F9046A00E5A198 /* FeatureCard.swift in Sources */,
				04E93A5F29F2994600AFA6C3 /* HikeGraph.swift in Sources */,
				04E93A5329F296F600AFA6C3 /* Badge.swift in Sources */,
				04FB7D5929EE304C00D04321 /* MapView.swift in Sources */,
				04E93A5E29F2994600AFA6C3 /* GraphCapsule.swift in Sources */,
				04FB7D4929EE29D100D04321 /* AFL3_0706012110015_JeshaiahJesseApp.swift in Sources */,
				04B7A34B29F9068700E5A198 /* PageControl.swift in Sources */,
				04FB7D6629EE398B00D04321 /* LandmarkList.swift in Sources */,
				04B7A33729F8F56500E5A198 /* CategoryItem.swift in Sources */,
				04E93A6029F2994600AFA6C3 /* HikeDetail.swift in Sources */,
				04B7A33E29F8FB0500E5A198 /* ProfileSummary.swift in Sources */,
				04E93A4B29F2943B00AFA6C3 /* HexagonParameters.swift in Sources */,
				04B7A33C29F8FAB300E5A198 /* ProfileHost.swift in Sources */,
				04E93A5829F298F200AFA6C3 /* Hike.swift in Sources */,
				04E93A5129F2969100AFA6C3 /* RotatedBadgeSymbol.swift in Sources */,
				04B7A34929F904D000E5A198 /* PageView.swift in Sources */,
				04E93A4F29F2962100AFA6C3 /* BadgeSymbol.swift in Sources */,
				04B7A34229F9004300E5A198 /* ProfileEditor.swift in Sources */,
				04FB7D6829EE3A4900D04321 /* LandmarkDetail.swift in Sources */,
				04E93A6129F2994600AFA6C3 /* HikeView.swift in Sources */,
				04E93A4729F28E4400AFA6C3 /* FavouriteButton.swift in Sources */,
				04B7A34529F9037800E5A198 /* PageViewController.swift in Sources */,
				04E93A4D29F2950000AFA6C3 /* BadgeBackground.swift in Sources */,
				04B7A34029F8FB4300E5A198 /* HikeBadge.swift in Sources */,
				04FB7D5729EE2F4300D04321 /* CircleImage.swift in Sources */,
				04FB7D5D29EE342E00D04321 /* Landmark.swift in Sources */,
				04FB7D6429EE38EC00D04321 /* LandmarkRow.swift in Sources */,
				04FB7D5F29EE34F300D04321 /* ModelData.swift in Sources */,
			);
			runOnlyForDeploymentPostprocessing = 0;
		};
/* End PBXSourcesBuildPhase section */

/* Begin XCBuildConfiguration section */
		04B7A38029F92B6F00E5A198 /* Debug */ = {
			isa = XCBuildConfiguration;
			buildSettings = {
				ASSETCATALOG_COMPILER_APPICON_NAME = AppIcon;
				ASSETCATALOG_COMPILER_GLOBAL_ACCENT_COLOR_NAME = AccentColor;
				CODE_SIGN_ENTITLEMENTS = MacLandmarks/MacLandmarks.entitlements;
				CODE_SIGN_STYLE = Automatic;
				COMBINE_HIDPI_IMAGES = YES;
				CURRENT_PROJECT_VERSION = 1;
				DEVELOPMENT_ASSET_PATHS = "\"MacLandmarks/Preview Content\"";
				DEVELOPMENT_TEAM = 55SJLAP69A;
				ENABLE_HARDENED_RUNTIME = YES;
				ENABLE_PREVIEWS = YES;
				GENERATE_INFOPLIST_FILE = YES;
				INFOPLIST_KEY_NSHumanReadableCopyright = "";
				LD_RUNPATH_SEARCH_PATHS = (
					"$(inherited)",
					"@executable_path/../Frameworks",
				);
				MACOSX_DEPLOYMENT_TARGET = 13.1;
				MARKETING_VERSION = 1.0;
				PRODUCT_BUNDLE_IDENTIFIER = "AFL3-0706012110016-DarellAdityaSeanDarmayaasa.MacLandmarks";
				PRODUCT_NAME = "$(TARGET_NAME)";
				SDKROOT = macosx;
				SWIFT_EMIT_LOC_STRINGS = YES;
				SWIFT_VERSION = 5.0;
			};
			name = Debug;
		};
		04B7A38129F92B6F00E5A198 /* Release */ = {
			isa = XCBuildConfiguration;
			buildSettings = {
				ASSETCATALOG_COMPILER_APPICON_NAME = AppIcon;
				ASSETCATALOG_COMPILER_GLOBAL_ACCENT_COLOR_NAME = AccentColor;
				CODE_SIGN_ENTITLEMENTS = MacLandmarks/MacLandmarks.entitlements;
				CODE_SIGN_STYLE = Automatic;
				COMBINE_HIDPI_IMAGES = YES;
				CURRENT_PROJECT_VERSION = 1;
				DEVELOPMENT_ASSET_PATHS = "\"MacLandmarks/Preview Content\"";
				DEVELOPMENT_TEAM = 55SJLAP69A;
				ENABLE_HARDENED_RUNTIME = YES;
				ENABLE_PREVIEWS = YES;
				GENERATE_INFOPLIST_FILE = YES;
				INFOPLIST_KEY_NSHumanReadableCopyright = "";
				LD_RUNPATH_SEARCH_PATHS = (
					"$(inherited)",
					"@executable_path/../Frameworks",
				);
				MACOSX_DEPLOYMENT_TARGET = 13.1;
				MARKETING_VERSION = 1.0;
				PRODUCT_BUNDLE_IDENTIFIER = "AFL3-0706012110016-DarellAdityaSeanDarmayaasa.MacLandmarks";
				PRODUCT_NAME = "$(TARGET_NAME)";
				SDKROOT = macosx;
				SWIFT_EMIT_LOC_STRINGS = YES;
				SWIFT_VERSION = 5.0;
			};
			name = Release;
		};
		04B7A3A229F92F5000E5A198 /* Debug */ = {
			isa = XCBuildConfiguration;
			buildSettings = {
				ASSETCATALOG_COMPILER_APPICON_NAME = AppIcon;
				ASSETCATALOG_COMPILER_GLOBAL_ACCENT_COLOR_NAME = AccentColor;
				CODE_SIGN_STYLE = Automatic;
				CURRENT_PROJECT_VERSION = 1;
				DEVELOPMENT_ASSET_PATHS = "\"WatchLandmarks Watch App/Preview Content\"";
				DEVELOPMENT_TEAM = 55SJLAP69A;
				ENABLE_PREVIEWS = YES;
				GENERATE_INFOPLIST_FILE = YES;
				INFOPLIST_KEY_CFBundleDisplayName = WatchLandmarks;
				INFOPLIST_KEY_UISupportedInterfaceOrientations = "UIInterfaceOrientationPortrait UIInterfaceOrientationPortraitUpsideDown";
				INFOPLIST_KEY_WKCompanionAppBundleIdentifier = "";
				LD_RUNPATH_SEARCH_PATHS = (
					"$(inherited)",
					"@executable_path/Frameworks",
				);
				MARKETING_VERSION = 1.0;
				PRODUCT_BUNDLE_IDENTIFIER = .watchkitapp;
				PRODUCT_NAME = "$(TARGET_NAME)";
				SDKROOT = watchos;
				SKIP_INSTALL = YES;
				SWIFT_EMIT_LOC_STRINGS = YES;
				SWIFT_VERSION = 5.0;
				TARGETED_DEVICE_FAMILY = 4;
				WATCHOS_DEPLOYMENT_TARGET = 9.1;
			};
			name = Debug;
		};
		04B7A3A329F92F5000E5A198 /* Release */ = {
			isa = XCBuildConfiguration;
			buildSettings = {
				ASSETCATALOG_COMPILER_APPICON_NAME = AppIcon;
				ASSETCATALOG_COMPILER_GLOBAL_ACCENT_COLOR_NAME = AccentColor;
				CODE_SIGN_STYLE = Automatic;
				CURRENT_PROJECT_VERSION = 1;
				DEVELOPMENT_ASSET_PATHS = "\"WatchLandmarks Watch App/Preview Content\"";
				DEVELOPMENT_TEAM = 55SJLAP69A;
				ENABLE_PREVIEWS = YES;
				GENERATE_INFOPLIST_FILE = YES;
				INFOPLIST_KEY_CFBundleDisplayName = WatchLandmarks;
				INFOPLIST_KEY_UISupportedInterfaceOrientations = "UIInterfaceOrientationPortrait UIInterfaceOrientationPortraitUpsideDown";
				INFOPLIST_KEY_WKCompanionAppBundleIdentifier = "";
				LD_RUNPATH_SEARCH_PATHS = (
					"$(inherited)",
					"@executable_path/Frameworks",
				);
				MARKETING_VERSION = 1.0;
				PRODUCT_BUNDLE_IDENTIFIER = .watchkitapp;
				PRODUCT_NAME = "$(TARGET_NAME)";
				SDKROOT = watchos;
				SKIP_INSTALL = YES;
				SWIFT_EMIT_LOC_STRINGS = YES;
				SWIFT_VERSION = 5.0;
				TARGETED_DEVICE_FAMILY = 4;
				WATCHOS_DEPLOYMENT_TARGET = 9.1;
			};
			name = Release;
		};
		04FB7D5129EE29D300D04321 /* Debug */ = {
			isa = XCBuildConfiguration;
			buildSettings = {
				ALWAYS_SEARCH_USER_PATHS = NO;
				CLANG_ANALYZER_NONNULL = YES;
				CLANG_ANALYZER_NUMBER_OBJECT_CONVERSION = YES_AGGRESSIVE;
				CLANG_CXX_LANGUAGE_STANDARD = "gnu++20";
				CLANG_ENABLE_MODULES = YES;
				CLANG_ENABLE_OBJC_ARC = YES;
				CLANG_ENABLE_OBJC_WEAK = YES;
				CLANG_WARN_BLOCK_CAPTURE_AUTORELEASING = YES;
				CLANG_WARN_BOOL_CONVERSION = YES;
				CLANG_WARN_COMMA = YES;
				CLANG_WARN_CONSTANT_CONVERSION = YES;
				CLANG_WARN_DEPRECATED_OBJC_IMPLEMENTATIONS = YES;
				CLANG_WARN_DIRECT_OBJC_ISA_USAGE = YES_ERROR;
				CLANG_WARN_DOCUMENTATION_COMMENTS = YES;
				CLANG_WARN_EMPTY_BODY = YES;
				CLANG_WARN_ENUM_CONVERSION = YES;
				CLANG_WARN_INFINITE_RECURSION = YES;
				CLANG_WARN_INT_CONVERSION = YES;
				CLANG_WARN_NON_LITERAL_NULL_CONVERSION = YES;
				CLANG_WARN_OBJC_IMPLICIT_RETAIN_SELF = YES;
				CLANG_WARN_OBJC_LITERAL_CONVERSION = YES;
				CLANG_WARN_OBJC_ROOT_CLASS = YES_ERROR;
				CLANG_WARN_QUOTED_INCLUDE_IN_FRAMEWORK_HEADER = YES;
				CLANG_WARN_RANGE_LOOP_ANALYSIS = YES;
				CLANG_WARN_STRICT_PROTOTYPES = YES;
				CLANG_WARN_SUSPICIOUS_MOVE = YES;
				CLANG_WARN_UNGUARDED_AVAILABILITY = YES_AGGRESSIVE;
				CLANG_WARN_UNREACHABLE_CODE = YES;
				CLANG_WARN__DUPLICATE_METHOD_MATCH = YES;
				COPY_PHASE_STRIP = NO;
				DEBUG_INFORMATION_FORMAT = dwarf;
				ENABLE_STRICT_OBJC_MSGSEND = YES;
				ENABLE_TESTABILITY = YES;
				GCC_C_LANGUAGE_STANDARD = gnu11;
				GCC_DYNAMIC_NO_PIC = NO;
				GCC_NO_COMMON_BLOCKS = YES;
				GCC_OPTIMIZATION_LEVEL = 0;
				GCC_PREPROCESSOR_DEFINITIONS = (
					"DEBUG=1",
					"$(inherited)",
				);
				GCC_WARN_64_TO_32_BIT_CONVERSION = YES;
				GCC_WARN_ABOUT_RETURN_TYPE = YES_ERROR;
				GCC_WARN_UNDECLARED_SELECTOR = YES;
				GCC_WARN_UNINITIALIZED_AUTOS = YES_AGGRESSIVE;
				GCC_WARN_UNUSED_FUNCTION = YES;
				GCC_WARN_UNUSED_VARIABLE = YES;
				IPHONEOS_DEPLOYMENT_TARGET = 16.2;
				MTL_ENABLE_DEBUG_INFO = INCLUDE_SOURCE;
				MTL_FAST_MATH = YES;
				ONLY_ACTIVE_ARCH = YES;
				SDKROOT = iphoneos;
				SWIFT_ACTIVE_COMPILATION_CONDITIONS = DEBUG;
				SWIFT_OPTIMIZATION_LEVEL = "-Onone";
			};
			name = Debug;
		};
		04FB7D5229EE29D300D04321 /* Release */ = {
			isa = XCBuildConfiguration;
			buildSettings = {
				ALWAYS_SEARCH_USER_PATHS = NO;
				CLANG_ANALYZER_NONNULL = YES;
				CLANG_ANALYZER_NUMBER_OBJECT_CONVERSION = YES_AGGRESSIVE;
				CLANG_CXX_LANGUAGE_STANDARD = "gnu++20";
				CLANG_ENABLE_MODULES = YES;
				CLANG_ENABLE_OBJC_ARC = YES;
				CLANG_ENABLE_OBJC_WEAK = YES;
				CLANG_WARN_BLOCK_CAPTURE_AUTORELEASING = YES;
				CLANG_WARN_BOOL_CONVERSION = YES;
				CLANG_WARN_COMMA = YES;
				CLANG_WARN_CONSTANT_CONVERSION = YES;
				CLANG_WARN_DEPRECATED_OBJC_IMPLEMENTATIONS = YES;
				CLANG_WARN_DIRECT_OBJC_ISA_USAGE = YES_ERROR;
				CLANG_WARN_DOCUMENTATION_COMMENTS = YES;
				CLANG_WARN_EMPTY_BODY = YES;
				CLANG_WARN_ENUM_CONVERSION = YES;
				CLANG_WARN_INFINITE_RECURSION = YES;
				CLANG_WARN_INT_CONVERSION = YES;
				CLANG_WARN_NON_LITERAL_NULL_CONVERSION = YES;
				CLANG_WARN_OBJC_IMPLICIT_RETAIN_SELF = YES;
				CLANG_WARN_OBJC_LITERAL_CONVERSION = YES;
				CLANG_WARN_OBJC_ROOT_CLASS = YES_ERROR;
				CLANG_WARN_QUOTED_INCLUDE_IN_FRAMEWORK_HEADER = YES;
				CLANG_WARN_RANGE_LOOP_ANALYSIS = YES;
				CLANG_WARN_STRICT_PROTOTYPES = YES;
				CLANG_WARN_SUSPICIOUS_MOVE = YES;
				CLANG_WARN_UNGUARDED_AVAILABILITY = YES_AGGRESSIVE;
				CLANG_WARN_UNREACHABLE_CODE = YES;
				CLANG_WARN__DUPLICATE_METHOD_MATCH = YES;
				COPY_PHASE_STRIP = NO;
				DEBUG_INFORMATION_FORMAT = "dwarf-with-dsym";
				ENABLE_NS_ASSERTIONS = NO;
				ENABLE_STRICT_OBJC_MSGSEND = YES;
				GCC_C_LANGUAGE_STANDARD = gnu11;
				GCC_NO_COMMON_BLOCKS = YES;
				GCC_WARN_64_TO_32_BIT_CONVERSION = YES;
				GCC_WARN_ABOUT_RETURN_TYPE = YES_ERROR;
				GCC_WARN_UNDECLARED_SELECTOR = YES;
				GCC_WARN_UNINITIALIZED_AUTOS = YES_AGGRESSIVE;
				GCC_WARN_UNUSED_FUNCTION = YES;
				GCC_WARN_UNUSED_VARIABLE = YES;
				IPHONEOS_DEPLOYMENT_TARGET = 16.2;
				MTL_ENABLE_DEBUG_INFO = NO;
				MTL_FAST_MATH = YES;
				SDKROOT = iphoneos;
				SWIFT_COMPILATION_MODE = wholemodule;
				SWIFT_OPTIMIZATION_LEVEL = "-O";
				VALIDATE_PRODUCT = YES;
			};
			name = Release;
		};
		04FB7D5429EE29D300D04321 /* Debug */ = {
			isa = XCBuildConfiguration;
			buildSettings = {
				ASSETCATALOG_COMPILER_APPICON_NAME = AppIcon;
				ASSETCATALOG_COMPILER_GLOBAL_ACCENT_COLOR_NAME = AccentColor;
				CODE_SIGN_STYLE = Automatic;
				CURRENT_PROJECT_VERSION = 1;
				DEVELOPMENT_ASSET_PATHS = "\"AFL3-0706012110016-DarellAdityaSeanDarmayasa/Preview Content\"";
				DEVELOPMENT_TEAM = 9DUHVJX7WF;
				ENABLE_PREVIEWS = YES;
				GENERATE_INFOPLIST_FILE = YES;
				INFOPLIST_KEY_UIApplicationSceneManifest_Generation = YES;
				INFOPLIST_KEY_UIApplicationSupportsIndirectInputEvents = YES;
				INFOPLIST_KEY_UILaunchScreen_Generation = YES;
				INFOPLIST_KEY_UISupportedInterfaceOrientations_iPad = "UIInterfaceOrientationPortrait UIInterfaceOrientationPortraitUpsideDown UIInterfaceOrientationLandscapeLeft UIInterfaceOrientationLandscapeRight";
				INFOPLIST_KEY_UISupportedInterfaceOrientations_iPhone = "UIInterfaceOrientationPortrait UIInterfaceOrientationLandscapeLeft UIInterfaceOrientationLandscapeRight";
				LD_RUNPATH_SEARCH_PATHS = (
					"$(inherited)",
					"@executable_path/Frameworks",
				);
				MARKETING_VERSION = 1.0;
				PRODUCT_BUNDLE_IDENTIFIER = "J7.AFL3-0706012110015-JeshaiahJesse";
				PRODUCT_NAME = "$(TARGET_NAME)";
				SWIFT_EMIT_LOC_STRINGS = YES;
				SWIFT_VERSION = 5.0;
				TARGETED_DEVICE_FAMILY = "1,2";
			};
			name = Debug;
		};
		04FB7D5529EE29D300D04321 /* Release */ = {
			isa = XCBuildConfiguration;
			buildSettings = {
				ASSETCATALOG_COMPILER_APPICON_NAME = AppIcon;
				ASSETCATALOG_COMPILER_GLOBAL_ACCENT_COLOR_NAME = AccentColor;
				CODE_SIGN_STYLE = Automatic;
				CURRENT_PROJECT_VERSION = 1;
				DEVELOPMENT_ASSET_PATHS = "\"AFL3-0706012110016-DarellAdityaSeanDarmayasa/Preview Content\"";
				DEVELOPMENT_TEAM = 9DUHVJX7WF;
				ENABLE_PREVIEWS = YES;
				GENERATE_INFOPLIST_FILE = YES;
				INFOPLIST_KEY_UIApplicationSceneManifest_Generation = YES;
				INFOPLIST_KEY_UIApplicationSupportsIndirectInputEvents = YES;
				INFOPLIST_KEY_UILaunchScreen_Generation = YES;
				INFOPLIST_KEY_UISupportedInterfaceOrientations_iPad = "UIInterfaceOrientationPortrait UIInterfaceOrientationPortraitUpsideDown UIInterfaceOrientationLandscapeLeft UIInterfaceOrientationLandscapeRight";
				INFOPLIST_KEY_UISupportedInterfaceOrientations_iPhone = "UIInterfaceOrientationPortrait UIInterfaceOrientationLandscapeLeft UIInterfaceOrientationLandscapeRight";
				LD_RUNPATH_SEARCH_PATHS = (
					"$(inherited)",
					"@executable_path/Frameworks",
				);
				MARKETING_VERSION = 1.0;
				PRODUCT_BUNDLE_IDENTIFIER = "J7.AFL3-0706012110015-JeshaiahJesse";
				PRODUCT_NAME = "$(TARGET_NAME)";
				SWIFT_EMIT_LOC_STRINGS = YES;
				SWIFT_VERSION = 5.0;
				TARGETED_DEVICE_FAMILY = "1,2";
			};
			name = Release;
		};
/* End XCBuildConfiguration section */

/* Begin XCConfigurationList section */
		04B7A38229F92B6F00E5A198 /* Build configuration list for PBXNativeTarget "MacLandmarks" */ = {
			isa = XCConfigurationList;
			buildConfigurations = (
				04B7A38029F92B6F00E5A198 /* Debug */,
				04B7A38129F92B6F00E5A198 /* Release */,
			);
			defaultConfigurationIsVisible = 0;
			defaultConfigurationName = Release;
		};
		04B7A3A129F92F5000E5A198 /* Build configuration list for PBXNativeTarget "WatchLandmarks Watch App" */ = {
			isa = XCConfigurationList;
			buildConfigurations = (
				04B7A3A229F92F5000E5A198 /* Debug */,
				04B7A3A329F92F5000E5A198 /* Release */,
			);
			defaultConfigurationIsVisible = 0;
			defaultConfigurationName = Release;
		};
		04FB7D4029EE29D100D04321 /* Build configuration list for PBXProject "AFL3-0706012110015-JeshaiahJesse" */ = {
			isa = XCConfigurationList;
			buildConfigurations = (
				04FB7D5129EE29D300D04321 /* Debug */,
				04FB7D5229EE29D300D04321 /* Release */,
			);
			defaultConfigurationIsVisible = 0;
			defaultConfigurationName = Release;
		};
		04FB7D5329EE29D300D04321 /* Build configuration list for PBXNativeTarget "AFL3-0706012110015-JeshaiahJesse" */ = {
			isa = XCConfigurationList;
			buildConfigurations = (
				04FB7D5429EE29D300D04321 /* Debug */,
				04FB7D5529EE29D300D04321 /* Release */,
			);
			defaultConfigurationIsVisible = 0;
			defaultConfigurationName = Release;
		};
/* End XCConfigurationList section */
	};
	rootObject = 04FB7D3D29EE29D100D04321 /* Project object */;
}
